<?xml version="1.0" encoding="utf-8"?>
<Project ToolsVersion="16.0" xmlns="http://schemas.microsoft.com/developer/msbuild/2003">
  <ItemGroup>
    <CustomBuild Include="C:\Users\ceecam\source\git repos\AETL-Generator\AETL-Generator\libpq-bin\CMakeFiles\ae30c32c5278afbedc6d27441c18c6b0\INSTALL_force.rule">
      <Filter>CMake Rules</Filter>
    </CustomBuild>
  </ItemGroup>
  <ItemGroup>
    <Filter Include="CMake Rules">
      <UniqueIdentifier>{32CD7A42-9003-39B8-8B5E-881C7AB98AA5}</UniqueIdentifier>
    </Filter>
  </ItemGroup>
</Project>
