<?xml version="1.0" encoding="utf-8"?>
<Project ToolsVersion="4.0" xmlns="http://schemas.microsoft.com/developer/msbuild/2003">
  <ItemGroup>
    <Filter Include="Source Files">
      <UniqueIdentifier>{4FC737F1-C7A5-4376-A066-2A32D752A2FF}</UniqueIdentifier>
      <Extensions>cpp;c;cc;cxx;def;odl;idl;hpj;bat;asm;asmx</Extensions>
    </Filter>
    <Filter Include="Header Files">
      <UniqueIdentifier>{93995380-89BD-4b04-88EB-625FBE52EBFB}</UniqueIdentifier>
      <Extensions>h;hh;hpp;hxx;hm;inl;inc;ipp;xsd</Extensions>
    </Filter>
    <Filter Include="Resource Files">
      <UniqueIdentifier>{67DA6AB6-F800-4c08-8B7A-83BB121AAD01}</UniqueIdentifier>
      <Extensions>rc;ico;cur;bmp;dlg;rc2;rct;bin;rgs;gif;jpg;jpeg;jpe;resx;tiff;tif;png;wav;mfcribbon-ms</Extensions>
    </Filter>
    <Filter Include="kgui">
      <UniqueIdentifier>{aba9d1c0-3240-4f53-92e7-c6b535a0a297}</UniqueIdentifier>
    </Filter>
    <Filter Include="sqlite">
      <UniqueIdentifier>{e7505ea1-c168-498a-ba00-eb6390c9cb5f}</UniqueIdentifier>
    </Filter>
    <Filter Include="LogFile">
      <UniqueIdentifier>{011ce2f6-654a-41bc-93df-22ea70d11c9f}</UniqueIdentifier>
    </Filter>
    <Filter Include="Postgres">
      <UniqueIdentifier>{572a7310-c4fc-4929-8c12-f3e9a95c4722}</UniqueIdentifier>
    </Filter>
    <Filter Include="Uploading">
      <UniqueIdentifier>{da83a211-6a5c-4c4e-8673-db9c796c4d19}</UniqueIdentifier>
    </Filter>
  </ItemGroup>
  <ItemGroup>
    <ClCompile Include="main.cpp">
      <Filter>Source Files</Filter>
    </ClCompile>
    <ClCompile Include="kguithread.cpp">
      <Filter>kgui</Filter>
    </ClCompile>
    <ClCompile Include="sqllite\sqlite3.c">
      <Filter>sqlite</Filter>
    </ClCompile>
    <ClCompile Include="sqllite\SQL_Helpers.cpp">
      <Filter>sqlite</Filter>
    </ClCompile>
    <ClCompile Include="Helpers.cpp">
      <Filter>Source Files</Filter>
    </ClCompile>
    <ClCompile Include="LogFile.cpp">
      <Filter>LogFile</Filter>
    </ClCompile>
    <ClCompile Include="postgres\PGSQL_Helpers.cpp">
      <Filter>Postgres</Filter>
    </ClCompile>
    <ClCompile Include="postgres\DatabaseConnection.cpp">
      <Filter>Postgres</Filter>
    </ClCompile>
    <ClCompile Include="ListenerPCH.cpp">
      <Filter>Source Files</Filter>
    </ClCompile>
    <ClCompile Include="AETL_Uploading.cpp">
      <Filter>Uploading</Filter>
    </ClCompile>
  </ItemGroup>
  <ItemGroup>
    <ClInclude Include="kguithread.h">
      <Filter>kgui</Filter>
    </ClInclude>
    <ClInclude Include="sqllite\SQL_Helpers.h">
      <Filter>sqlite</Filter>
    </ClInclude>
    <ClInclude Include="sqllite\sqlite3.h">
      <Filter>sqlite</Filter>
    </ClInclude>
    <ClInclude Include="Helpers.h">
      <Filter>Header Files</Filter>
    </ClInclude>
    <ClInclude Include="LogFile.h">
      <Filter>LogFile</Filter>
    </ClInclude>
    <ClInclude Include="postgres\PGSQL_Helpers.h">
      <Filter>Postgres</Filter>
    </ClInclude>
    <ClInclude Include="postgres\DatabaseConnection.h">
      <Filter>Postgres</Filter>
    </ClInclude>
    <ClInclude Include="ListenerPCH.h">
      <Filter>Header Files</Filter>
    </ClInclude>
    <ClInclude Include="AETL_Uploading.h">
      <Filter>Uploading</Filter>
    </ClInclude>
  </ItemGroup>
</Project>