Microsoft Visual Studio Solution File, Format Version 12.00
# Visual Studio 16
Project("{8BC9CEB8-8B4A-11D0-8D11-00A0C91BC942}") = "ALL_BUILD", "ALL_BUILD.vcxproj", "{0D7197EF-EA1E-3A0A-9FAF-2FC1D7B9E290}"
	ProjectSection(ProjectDependencies) = postProject
		{061B7EF5-AA68-3A97-8A8F-5A43935C8067} = {061B7EF5-AA68-3A97-8A8F-5A43935C8067}
		{E3553136-6CB7-346E-8631-9B88CBC13799} = {E3553136-6CB7-346E-8631-9B88CBC13799}
		{43E8CD6B-4BEB-355E-AA66-C5B6DD41168E} = {43E8CD6B-4BEB-355E-AA66-C5B6DD41168E}
		{806FCEDD-3983-3EBD-8C46-92EB01C530EC} = {806FCEDD-3983-3EBD-8C46-92EB01C530EC}
		{66CDA181-84C8-316D-B0B2-0F5DDD4B7424} = {66CDA181-84C8-316D-B0B2-0F5DDD4B7424}
	EndProjectSection
EndProject
Project("{8BC9CEB8-8B4A-11D0-8D11-00A0C91BC942}") = "INSTALL", "INSTALL.vcxproj", "{560952E9-4A58-3DE0-A566-DA5780D6340A}"
	ProjectSection(ProjectDependencies) = postProject
		{0D7197EF-EA1E-3A0A-9FAF-2FC1D7B9E290} = {0D7197EF-EA1E-3A0A-9FAF-2FC1D7B9E290}
		{061B7EF5-AA68-3A97-8A8F-5A43935C8067} = {061B7EF5-AA68-3A97-8A8F-5A43935C8067}
	EndProjectSection
EndProject
Project("{8BC9CEB8-8B4A-11D0-8D11-00A0C91BC942}") = "PACKAGE", "PACKAGE.vcxproj", "{04E5AC8F-CD07-3BF2-8085-8ED3D4D432A4}"
	ProjectSection(ProjectDependencies) = postProject
		{0D7197EF-EA1E-3A0A-9FAF-2FC1D7B9E290} = {0D7197EF-EA1E-3A0A-9FAF-2FC1D7B9E290}
		{061B7EF5-AA68-3A97-8A8F-5A43935C8067} = {061B7EF5-AA68-3A97-8A8F-5A43935C8067}
	EndProjectSection
EndProject
Project("{8BC9CEB8-8B4A-11D0-8D11-00A0C91BC942}") = "ZERO_CHECK", "ZERO_CHECK.vcxproj", "{061B7EF5-AA68-3A97-8A8F-5A43935C8067}"
	ProjectSection(ProjectDependencies) = postProject
	EndProjectSection
EndProject
Project("{8BC9CEB8-8B4A-11D0-8D11-00A0C91BC942}") = "pqxx_shared", "src\pqxx_shared.vcxproj", "{E3553136-6CB7-346E-8631-9B88CBC13799}"
	ProjectSection(ProjectDependencies) = postProject
		{061B7EF5-AA68-3A97-8A8F-5A43935C8067} = {061B7EF5-AA68-3A97-8A8F-5A43935C8067}
	EndProjectSection
EndProject
Project("{8BC9CEB8-8B4A-11D0-8D11-00A0C91BC942}") = "pqxx_static", "src\pqxx_static.vcxproj", "{43E8CD6B-4BEB-355E-AA66-C5B6DD41168E}"
	ProjectSection(ProjectDependencies) = postProject
		{061B7EF5-AA68-3A97-8A8F-5A43935C8067} = {061B7EF5-AA68-3A97-8A8F-5A43935C8067}
	EndProjectSection
EndProject
Project("{8BC9CEB8-8B4A-11D0-8D11-00A0C91BC942}") = "runner", "test\runner.vcxproj", "{806FCEDD-3983-3EBD-8C46-92EB01C530EC}"
	ProjectSection(ProjectDependencies) = postProject
		{061B7EF5-AA68-3A97-8A8F-5A43935C8067} = {061B7EF5-AA68-3A97-8A8F-5A43935C8067}
		{E3553136-6CB7-346E-8631-9B88CBC13799} = {E3553136-6CB7-346E-8631-9B88CBC13799}
	EndProjectSection
EndProject
Project("{8BC9CEB8-8B4A-11D0-8D11-00A0C91BC942}") = "unit_runner", "test\unit\unit_runner.vcxproj", "{66CDA181-84C8-316D-B0B2-0F5DDD4B7424}"
	ProjectSection(ProjectDependencies) = postProject
		{061B7EF5-AA68-3A97-8A8F-5A43935C8067} = {061B7EF5-AA68-3A97-8A8F-5A43935C8067}
		{E3553136-6CB7-346E-8631-9B88CBC13799} = {E3553136-6CB7-346E-8631-9B88CBC13799}
	EndProjectSection
EndProject
Global
	GlobalSection(SolutionConfigurationPlatforms) = preSolution
		Debug|x64 = Debug|x64
		Release|x64 = Release|x64
		MinSizeRel|x64 = MinSizeRel|x64
		RelWithDebInfo|x64 = RelWithDebInfo|x64
	EndGlobalSection
	GlobalSection(ProjectConfigurationPlatforms) = postSolution
		{0D7197EF-EA1E-3A0A-9FAF-2FC1D7B9E290}.Debug|x64.ActiveCfg = Debug|x64
		{0D7197EF-EA1E-3A0A-9FAF-2FC1D7B9E290}.Debug|x64.Build.0 = Debug|x64
		{0D7197EF-EA1E-3A0A-9FAF-2FC1D7B9E290}.Release|x64.ActiveCfg = Release|x64
		{0D7197EF-EA1E-3A0A-9FAF-2FC1D7B9E290}.Release|x64.Build.0 = Release|x64
		{0D7197EF-EA1E-3A0A-9FAF-2FC1D7B9E290}.MinSizeRel|x64.ActiveCfg = MinSizeRel|x64
		{0D7197EF-EA1E-3A0A-9FAF-2FC1D7B9E290}.MinSizeRel|x64.Build.0 = MinSizeRel|x64
		{0D7197EF-EA1E-3A0A-9FAF-2FC1D7B9E290}.RelWithDebInfo|x64.ActiveCfg = RelWithDebInfo|x64
		{0D7197EF-EA1E-3A0A-9FAF-2FC1D7B9E290}.RelWithDebInfo|x64.Build.0 = RelWithDebInfo|x64
		{560952E9-4A58-3DE0-A566-DA5780D6340A}.Debug|x64.ActiveCfg = Debug|x64
		{560952E9-4A58-3DE0-A566-DA5780D6340A}.Release|x64.ActiveCfg = Release|x64
		{560952E9-4A58-3DE0-A566-DA5780D6340A}.MinSizeRel|x64.ActiveCfg = MinSizeRel|x64
		{560952E9-4A58-3DE0-A566-DA5780D6340A}.RelWithDebInfo|x64.ActiveCfg = RelWithDebInfo|x64
		{04E5AC8F-CD07-3BF2-8085-8ED3D4D432A4}.Debug|x64.ActiveCfg = Debug|x64
		{04E5AC8F-CD07-3BF2-8085-8ED3D4D432A4}.Release|x64.ActiveCfg = Release|x64
		{04E5AC8F-CD07-3BF2-8085-8ED3D4D432A4}.MinSizeRel|x64.ActiveCfg = MinSizeRel|x64
		{04E5AC8F-CD07-3BF2-8085-8ED3D4D432A4}.RelWithDebInfo|x64.ActiveCfg = RelWithDebInfo|x64
		{061B7EF5-AA68-3A97-8A8F-5A43935C8067}.Debug|x64.ActiveCfg = Debug|x64
		{061B7EF5-AA68-3A97-8A8F-5A43935C8067}.Debug|x64.Build.0 = Debug|x64
		{061B7EF5-AA68-3A97-8A8F-5A43935C8067}.Release|x64.ActiveCfg = Release|x64
		{061B7EF5-AA68-3A97-8A8F-5A43935C8067}.Release|x64.Build.0 = Release|x64
		{061B7EF5-AA68-3A97-8A8F-5A43935C8067}.MinSizeRel|x64.ActiveCfg = MinSizeRel|x64
		{061B7EF5-AA68-3A97-8A8F-5A43935C8067}.MinSizeRel|x64.Build.0 = MinSizeRel|x64
		{061B7EF5-AA68-3A97-8A8F-5A43935C8067}.RelWithDebInfo|x64.ActiveCfg = RelWithDebInfo|x64
		{061B7EF5-AA68-3A97-8A8F-5A43935C8067}.RelWithDebInfo|x64.Build.0 = RelWithDebInfo|x64
		{E3553136-6CB7-346E-8631-9B88CBC13799}.Debug|x64.ActiveCfg = Debug|x64
		{E3553136-6CB7-346E-8631-9B88CBC13799}.Debug|x64.Build.0 = Debug|x64
		{E3553136-6CB7-346E-8631-9B88CBC13799}.Release|x64.ActiveCfg = Release|x64
		{E3553136-6CB7-346E-8631-9B88CBC13799}.Release|x64.Build.0 = Release|x64
		{E3553136-6CB7-346E-8631-9B88CBC13799}.MinSizeRel|x64.ActiveCfg = MinSizeRel|x64
		{E3553136-6CB7-346E-8631-9B88CBC13799}.MinSizeRel|x64.Build.0 = MinSizeRel|x64
		{E3553136-6CB7-346E-8631-9B88CBC13799}.RelWithDebInfo|x64.ActiveCfg = RelWithDebInfo|x64
		{E3553136-6CB7-346E-8631-9B88CBC13799}.RelWithDebInfo|x64.Build.0 = RelWithDebInfo|x64
		{43E8CD6B-4BEB-355E-AA66-C5B6DD41168E}.Debug|x64.ActiveCfg = Debug|x64
		{43E8CD6B-4BEB-355E-AA66-C5B6DD41168E}.Debug|x64.Build.0 = Debug|x64
		{43E8CD6B-4BEB-355E-AA66-C5B6DD41168E}.Release|x64.ActiveCfg = Release|x64
		{43E8CD6B-4BEB-355E-AA66-C5B6DD41168E}.Release|x64.Build.0 = Release|x64
		{43E8CD6B-4BEB-355E-AA66-C5B6DD41168E}.MinSizeRel|x64.ActiveCfg = MinSizeRel|x64
		{43E8CD6B-4BEB-355E-AA66-C5B6DD41168E}.MinSizeRel|x64.Build.0 = MinSizeRel|x64
		{43E8CD6B-4BEB-355E-AA66-C5B6DD41168E}.RelWithDebInfo|x64.ActiveCfg = RelWithDebInfo|x64
		{43E8CD6B-4BEB-355E-AA66-C5B6DD41168E}.RelWithDebInfo|x64.Build.0 = RelWithDebInfo|x64
		{806FCEDD-3983-3EBD-8C46-92EB01C530EC}.Debug|x64.ActiveCfg = Debug|x64
		{806FCEDD-3983-3EBD-8C46-92EB01C530EC}.Debug|x64.Build.0 = Debug|x64
		{806FCEDD-3983-3EBD-8C46-92EB01C530EC}.Release|x64.ActiveCfg = Release|x64
		{806FCEDD-3983-3EBD-8C46-92EB01C530EC}.Release|x64.Build.0 = Release|x64
		{806FCEDD-3983-3EBD-8C46-92EB01C530EC}.MinSizeRel|x64.ActiveCfg = MinSizeRel|x64
		{806FCEDD-3983-3EBD-8C46-92EB01C530EC}.MinSizeRel|x64.Build.0 = MinSizeRel|x64
		{806FCEDD-3983-3EBD-8C46-92EB01C530EC}.RelWithDebInfo|x64.ActiveCfg = RelWithDebInfo|x64
		{806FCEDD-3983-3EBD-8C46-92EB01C530EC}.RelWithDebInfo|x64.Build.0 = RelWithDebInfo|x64
		{66CDA181-84C8-316D-B0B2-0F5DDD4B7424}.Debug|x64.ActiveCfg = Debug|x64
		{66CDA181-84C8-316D-B0B2-0F5DDD4B7424}.Debug|x64.Build.0 = Debug|x64
		{66CDA181-84C8-316D-B0B2-0F5DDD4B7424}.Release|x64.ActiveCfg = Release|x64
		{66CDA181-84C8-316D-B0B2-0F5DDD4B7424}.Release|x64.Build.0 = Release|x64
		{66CDA181-84C8-316D-B0B2-0F5DDD4B7424}.MinSizeRel|x64.ActiveCfg = MinSizeRel|x64
		{66CDA181-84C8-316D-B0B2-0F5DDD4B7424}.MinSizeRel|x64.Build.0 = MinSizeRel|x64
		{66CDA181-84C8-316D-B0B2-0F5DDD4B7424}.RelWithDebInfo|x64.ActiveCfg = RelWithDebInfo|x64
		{66CDA181-84C8-316D-B0B2-0F5DDD4B7424}.RelWithDebInfo|x64.Build.0 = RelWithDebInfo|x64
	EndGlobalSection
	GlobalSection(ExtensibilityGlobals) = postSolution
		SolutionGuid = {14C276AB-9004-303D-AB41-4F270C7AA39C}
	EndGlobalSection
	GlobalSection(ExtensibilityAddIns) = postSolution
	EndGlobalSection
EndGlobal
